
Microsoft Visual Studio Solution File, Format Version 12.00
# Visual Studio Version 16
VisualStudioVersion = 16.0.32002.261
MinimumVisualStudioVersion = 10.0.40219.1
Project("{9A19103F-16F7-4668-BE54-9A1E7A4F7556}") = "Bebra", "Bebra\Bebra.csproj", "{7FB281D4-13BF-4038-B535-3E887E0B5C65}"
EndProject
Project("{FAE04EC0-301F-11D3-BF4B-00C04F79EFBC}") = "Entity", "Entity\Entity.csproj", "{B02336A0-9E58-480D-95B1-C458FACEFE91}"
EndProject
Global
	GlobalSection(SolutionConfigurationPlatforms) = preSolution
		Debug|Any CPU = Debug|Any CPU
		Release|Any CPU = Release|Any CPU
	EndGlobalSection
	GlobalSection(ProjectConfigurationPlatforms) = postSolution
		{7FB281D4-13BF-4038-B535-3E887E0B5C65}.Debug|Any CPU.ActiveCfg = Debug|Any CPU
		{7FB281D4-13BF-4038-B535-3E887E0B5C65}.Debug|Any CPU.Build.0 = Debug|Any CPU
		{7FB281D4-13BF-4038-B535-3E887E0B5C65}.Release|Any CPU.ActiveCfg = Release|Any CPU
		{7FB281D4-13BF-4038-B535-3E887E0B5C65}.Release|Any CPU.Build.0 = Release|Any CPU
		{B02336A0-9E58-480D-95B1-C458FACEFE91}.Debug|Any CPU.ActiveCfg = Debug|Any CPU
		{B02336A0-9E58-480D-95B1-C458FACEFE91}.Debug|Any CPU.Build.0 = Debug|Any CPU
		{B02336A0-9E58-480D-95B1-C458FACEFE91}.Release|Any CPU.ActiveCfg = Release|Any CPU
		{B02336A0-9E58-480D-95B1-C458FACEFE91}.Release|Any CPU.Build.0 = Release|Any CPU
	EndGlobalSection
	GlobalSection(SolutionProperties) = preSolution
		HideSolutionNode = FALSE
	EndGlobalSection
	GlobalSection(ExtensibilityGlobals) = postSolution
		SolutionGuid = {D229E126-371C-41EB-BCF9-782EE1D4987A}
	EndGlobalSection
EndGlobal
